
Microsoft Visual Studio Solution File, Format Version 12.00
# Visual Studio Version 17
VisualStudioVersion = 17.9.34616.47
MinimumVisualStudioVersion = 10.0.40219.1
Project("{9A19103F-16F7-4668-BE54-9A1E7A4F7556}") = "ProjectX", "ProjectX\ProjectX.csproj", "{CFA5622E-C485-44B8-94F1-2D090A13EF1D}"
EndProject
Project("{9A19103F-16F7-4668-BE54-9A1E7A4F7556}") = "ProjectX.Core", "ProjectX.Core\ProjectX.Core.csproj", "{29428074-C374-4946-A2E8-C2679574AE1F}"
EndProject
Project("{9A19103F-16F7-4668-BE54-9A1E7A4F7556}") = "ProjectX.Infrastructure", "ProjectX.Infrastructure\ProjectX.Infrastructure.csproj", "{90D7A885-A870-4272-A349-F192B64BA737}"
EndProject
Project("{FAE04EC0-301F-11D3-BF4B-00C04F79EFBC}") = "ProjectX.ViewModels", "ProjectX.ViewModels\ProjectX.ViewModels.csproj", "{F892746D-EEA5-448C-8C63-DEF986D6FAD4}"
EndProject
Global
	GlobalSection(SolutionConfigurationPlatforms) = preSolution
		Debug|Any CPU = Debug|Any CPU
		Release|Any CPU = Release|Any CPU
	EndGlobalSection
	GlobalSection(ProjectConfigurationPlatforms) = postSolution
		{CFA5622E-C485-44B8-94F1-2D090A13EF1D}.Debug|Any CPU.ActiveCfg = Debug|Any CPU
		{CFA5622E-C485-44B8-94F1-2D090A13EF1D}.Debug|Any CPU.Build.0 = Debug|Any CPU
		{CFA5622E-C485-44B8-94F1-2D090A13EF1D}.Release|Any CPU.ActiveCfg = Release|Any CPU
		{CFA5622E-C485-44B8-94F1-2D090A13EF1D}.Release|Any CPU.Build.0 = Release|Any CPU
		{29428074-C374-4946-A2E8-C2679574AE1F}.Debug|Any CPU.ActiveCfg = Debug|Any CPU
		{29428074-C374-4946-A2E8-C2679574AE1F}.Debug|Any CPU.Build.0 = Debug|Any CPU
		{29428074-C374-4946-A2E8-C2679574AE1F}.Release|Any CPU.ActiveCfg = Release|Any CPU
		{29428074-C374-4946-A2E8-C2679574AE1F}.Release|Any CPU.Build.0 = Release|Any CPU
		{90D7A885-A870-4272-A349-F192B64BA737}.Debug|Any CPU.ActiveCfg = Debug|Any CPU
		{90D7A885-A870-4272-A349-F192B64BA737}.Debug|Any CPU.Build.0 = Debug|Any CPU
		{90D7A885-A870-4272-A349-F192B64BA737}.Release|Any CPU.ActiveCfg = Release|Any CPU
		{90D7A885-A870-4272-A349-F192B64BA737}.Release|Any CPU.Build.0 = Release|Any CPU
		{F892746D-EEA5-448C-8C63-DEF986D6FAD4}.Debug|Any CPU.ActiveCfg = Debug|Any CPU
		{F892746D-EEA5-448C-8C63-DEF986D6FAD4}.Debug|Any CPU.Build.0 = Debug|Any CPU
		{F892746D-EEA5-448C-8C63-DEF986D6FAD4}.Release|Any CPU.ActiveCfg = Release|Any CPU
		{F892746D-EEA5-448C-8C63-DEF986D6FAD4}.Release|Any CPU.Build.0 = Release|Any CPU
	EndGlobalSection
	GlobalSection(SolutionProperties) = preSolution
		HideSolutionNode = FALSE
	EndGlobalSection
	GlobalSection(ExtensibilityGlobals) = postSolution
		SolutionGuid = {552DAC57-31CB-43EE-BF32-A11137ABFF85}
	EndGlobalSection
EndGlobal
